
Microsoft Visual Studio Solution File, Format Version 12.00
# Visual Studio Version 17
VisualStudioVersion = 17.1.32210.238
MinimumVisualStudioVersion = 10.0.40219.1
Project("{FAE04EC0-301F-11D3-BF4B-00C04F79EFBC}") = "TestApi", "TestApi.csproj", "{BDAF1870-B3C8-47E0-A021-795966CD9B54}"
EndProject
Global
	GlobalSection(SolutionConfigurationPlatforms) = preSolution
		Debug|Any CPU = Debug|Any CPU
		Release|Any CPU = Release|Any CPU
	EndGlobalSection
	GlobalSection(ProjectConfigurationPlatforms) = postSolution
		{BDAF1870-B3C8-47E0-A021-795966CD9B54}.Debug|Any CPU.ActiveCfg = Debug|Any CPU
		{BDAF1870-B3C8-47E0-A021-795966CD9B54}.Debug|Any CPU.Build.0 = Debug|Any CPU
		{BDAF1870-B3C8-47E0-A021-795966CD9B54}.Release|Any CPU.ActiveCfg = Release|Any CPU
		{BDAF1870-B3C8-47E0-A021-795966CD9B54}.Release|Any CPU.Build.0 = Release|Any CPU
	EndGlobalSection
	GlobalSection(SolutionProperties) = preSolution
		HideSolutionNode = FALSE
	EndGlobalSection
	GlobalSection(ExtensibilityGlobals) = postSolution
		SolutionGuid = {13E6E3C0-DC12-4DCF-8A2A-2A91D49729D0}
	EndGlobalSection
EndGlobal
